
Microsoft Visual Studio Solution File, Format Version 12.00
# Visual Studio Version 17
VisualStudioVersion = 17.4.33213.308
MinimumVisualStudioVersion = 10.0.40219.1
Project("{9A19103F-16F7-4668-BE54-9A1E7A4F7556}") = "Riversand.Common", "src\Riversand.Common\Riversand.Common.csproj", "{A0DEB462-7FE0-4C7C-9B08-FFCA60281408}"
EndProject
Project("{9A19103F-16F7-4668-BE54-9A1E7A4F7556}") = "Riversand.Desktop", "src\Riversand.Desktop\Riversand.Desktop.csproj", "{35BA1F25-5BDA-465B-B87C-36E693B4B176}"
EndProject
Global
	GlobalSection(SolutionConfigurationPlatforms) = preSolution
		Debug|Any CPU = Debug|Any CPU
		Release|Any CPU = Release|Any CPU
	EndGlobalSection
	GlobalSection(ProjectConfigurationPlatforms) = postSolution
		{A0DEB462-7FE0-4C7C-9B08-FFCA60281408}.Debug|Any CPU.ActiveCfg = Debug|Any CPU
		{A0DEB462-7FE0-4C7C-9B08-FFCA60281408}.Debug|Any CPU.Build.0 = Debug|Any CPU
		{A0DEB462-7FE0-4C7C-9B08-FFCA60281408}.Release|Any CPU.ActiveCfg = Release|Any CPU
		{A0DEB462-7FE0-4C7C-9B08-FFCA60281408}.Release|Any CPU.Build.0 = Release|Any CPU
		{35BA1F25-5BDA-465B-B87C-36E693B4B176}.Debug|Any CPU.ActiveCfg = Debug|Any CPU
		{35BA1F25-5BDA-465B-B87C-36E693B4B176}.Debug|Any CPU.Build.0 = Debug|Any CPU
		{35BA1F25-5BDA-465B-B87C-36E693B4B176}.Release|Any CPU.ActiveCfg = Release|Any CPU
		{35BA1F25-5BDA-465B-B87C-36E693B4B176}.Release|Any CPU.Build.0 = Release|Any CPU
	EndGlobalSection
	GlobalSection(SolutionProperties) = preSolution
		HideSolutionNode = FALSE
	EndGlobalSection
	GlobalSection(ExtensibilityGlobals) = postSolution
		SolutionGuid = {30918ED3-8E57-452F-BD17-9FC7F5BCD5B9}
	EndGlobalSection
EndGlobal
