
Microsoft Visual Studio Solution File, Format Version 12.00
# Visual Studio Version 17
VisualStudioVersion = 17.4.33213.308
MinimumVisualStudioVersion = 10.0.40219.1
Project("{FAE04EC0-301F-11D3-BF4B-00C04F79EFBC}") = "Riversand.Desktop", "Riversand.Desktop\Riversand.Desktop.csproj", "{7FE1A004-1813-4BFC-8981-2754679BC3D5}"
EndProject
Global
	GlobalSection(SolutionConfigurationPlatforms) = preSolution
		Debug|Any CPU = Debug|Any CPU
		Release|Any CPU = Release|Any CPU
	EndGlobalSection
	GlobalSection(ProjectConfigurationPlatforms) = postSolution
		{7FE1A004-1813-4BFC-8981-2754679BC3D5}.Debug|Any CPU.ActiveCfg = Debug|Any CPU
		{7FE1A004-1813-4BFC-8981-2754679BC3D5}.Debug|Any CPU.Build.0 = Debug|Any CPU
		{7FE1A004-1813-4BFC-8981-2754679BC3D5}.Release|Any CPU.ActiveCfg = Release|Any CPU
		{7FE1A004-1813-4BFC-8981-2754679BC3D5}.Release|Any CPU.Build.0 = Release|Any CPU
	EndGlobalSection
	GlobalSection(SolutionProperties) = preSolution
		HideSolutionNode = FALSE
	EndGlobalSection
	GlobalSection(ExtensibilityGlobals) = postSolution
		SolutionGuid = {30918ED3-8E57-452F-BD17-9FC7F5BCD5B9}
	EndGlobalSection
EndGlobal
